{
  "requires": true,
  "lockfileVersion": 1,
  "dependencies": {
    "@fortawesome/fontawesome-common-types": {
      "version": "0.2.30",
      "resolved": "https://registry.npmjs.org/@fortawesome/fontawesome-common-types/-/fontawesome-common-types-0.2.30.tgz",
      "integrity": "sha512-TsRwpTuKwFNiPhk1UfKgw7zNPeV5RhNp2Uw3pws+9gDAkPGKrtjR1y2lI3SYn7+YzyfuNknflpBA1LRKjt7hMg=="
    },
    "@fortawesome/fontawesome-svg-core": {
      "version": "1.2.30",
      "resolved": "https://registry.npmjs.org/@fortawesome/fontawesome-svg-core/-/fontawesome-svg-core-1.2.30.tgz",
      "integrity": "sha512-E3sAXATKCSVnT17HYmZjjbcmwihrNOCkoU7dVMlasrcwiJAHxSKeZ+4WN5O+ElgO/FaYgJmASl8p9N7/B/RttA==",
      "requires": {
        "@fortawesome/fontawesome-common-types": "^0.2.30"
      }
    },
    "@fortawesome/free-solid-svg-icons": {
      "version": "5.14.0",
      "resolved": "https://registry.npmjs.org/@fortawesome/free-solid-svg-icons/-/free-solid-svg-icons-5.14.0.tgz",
      "integrity": "sha512-M933RDM8cecaKMWDSk3FRYdnzWGW7kBBlGNGfvqLVwcwhUPNj9gcw+xZMrqBdRqxnSXdl3zWzTCNNGEtFUq67Q==",
      "requires": {
        "@fortawesome/fontawesome-common-types": "^0.2.30"
      }
    },
    "@fortawesome/react-fontawesome": {
      "version": "0.1.11",
      "resolved": "https://registry.npmjs.org/@fortawesome/react-fontawesome/-/react-fontawesome-0.1.11.tgz",
      "integrity": "sha512-sClfojasRifQKI0OPqTy8Ln8iIhnxR/Pv/hukBhWnBz9kQRmqi6JSH3nghlhAY7SUeIIM7B5/D2G8WjX0iepVg==",
      "requires": {
        "prop-types": "^15.7.2"
      }
    },
    "js-tokens": {
      "version": "4.0.0",
      "resolved": "https://registry.npmjs.org/js-tokens/-/js-tokens-4.0.0.tgz",
      "integrity": "sha512-RdJUflcE3cUzKiMqQgsCu06FPu9UdIJO0beYbPhHN4k6apgJtifcoCtT9bcxOpYBtpD2kCM6Sbzg4CausW/PKQ=="
    },
    "lodash.throttle": {
      "version": "4.1.1",
      "resolved": "https://registry.npmjs.org/lodash.throttle/-/lodash.throttle-4.1.1.tgz",
      "integrity": "sha1-wj6RtxAkKscMN/HhzaknTMOb8vQ="
    },
    "loose-envify": {
      "version": "1.4.0",
      "resolved": "https://registry.npmjs.org/loose-envify/-/loose-envify-1.4.0.tgz",
      "integrity": "sha512-lyuxPGr/Wfhrlem2CL/UcnUc1zcqKAImBDzukY7Y5F/yQiNdko6+fRLevlw1HgMySw7f611UIY408EtxRSoK3Q==",
      "requires": {
        "js-tokens": "^3.0.0 || ^4.0.0"
      }
    },
    "moment": {
      "version": "2.27.0",
      "resolved": "https://registry.npmjs.org/moment/-/moment-2.27.0.tgz",
      "integrity": "sha512-al0MUK7cpIcglMv3YF13qSgdAIqxHTO7brRtaz3DlSULbqfazqkc5kEjNrLDOM7fsjshoFIihnU8snrP7zUvhQ=="
    },
    "object-assign": {
      "version": "4.1.1",
      "resolved": "https://registry.npmjs.org/object-assign/-/object-assign-4.1.1.tgz",
      "integrity": "sha1-IQmtx5ZYh8/AXLvUQsrIv7s2CGM="
    },
    "prop-types": {
      "version": "15.7.2",
      "resolved": "https://registry.npmjs.org/prop-types/-/prop-types-15.7.2.tgz",
      "integrity": "sha512-8QQikdH7//R2vurIJSutZ1smHYTcLpRWEOlHnzcWHmBYrOGUysKwSsrC89BCiFj3CbrfJ/nXFdJepOVrY1GCHQ==",
      "requires": {
        "loose-envify": "^1.4.0",
        "object-assign": "^4.1.1",
        "react-is": "^16.8.1"
      }
    },
    "react-is": {
      "version": "16.13.1",
      "resolved": "https://registry.npmjs.org/react-is/-/react-is-16.13.1.tgz",
      "integrity": "sha512-24e6ynE2H+OKt4kqsOvNd8kBpV65zoxbA4BVsEOB3ARVWQki/DHzaUoC5KuON/BiccDaCCTZBuOcfZs70kR8bQ=="
    },
    "react-scroll": {
      "version": "1.8.0",
      "resolved": "https://registry.npmjs.org/react-scroll/-/react-scroll-1.8.0.tgz",
      "integrity": "sha512-oZfBXPhcxYPR8elI9tC3ORT6+iqiPPJWslsdR9intbNI5PVSa4XoAfC0I/cB3zk5lxQ/NSexCnT+8RqJL8mSZQ==",
      "requires": {
        "lodash.throttle": "^4.1.1",
        "prop-types": "^15.7.2"
      }
    }
  }
}
